<?xml version="1.0" encoding="utf-8"?>
<Project ToolsVersion="4.0" xmlns="http://schemas.microsoft.com/developer/msbuild/2003">
  <ItemGroup>
    <Filter Include="Source Files">
      <UniqueIdentifier>{4FC737F1-C7A5-4376-A066-2A32D752A2FF}</UniqueIdentifier>
      <Extensions>cpp;c;cc;cxx;def;odl;idl;hpj;bat;asm;asmx</Extensions>
    </Filter>
    <Filter Include="Header Files">
      <UniqueIdentifier>{93995380-89BD-4b04-88EB-625FBE52EBFB}</UniqueIdentifier>
      <Extensions>h;hh;hpp;hxx;hm;inl;inc;xsd</Extensions>
    </Filter>
    <Filter Include="Resource Files">
      <UniqueIdentifier>{67DA6AB6-F800-4c08-8B7A-83BB121AAD01}</UniqueIdentifier>
      <Extensions>rc;ico;cur;bmp;dlg;rc2;rct;bin;rgs;gif;jpg;jpeg;jpe;resx;tiff;tif;png;wav</Extensions>
    </Filter>
    <Filter Include="OpenCl">
      <UniqueIdentifier>{bf4e6d2a-a890-466f-a116-7a7478f730c9}</UniqueIdentifier>
    </Filter>
    <Filter Include="OpenCl\OpenCl Header">
      <UniqueIdentifier>{7cf26cae-8dab-4203-af71-cbaef650cece}</UniqueIdentifier>
    </Filter>
  </ItemGroup>
  <ItemGroup>
    <ResourceCompile Include="src\CLCode.rc">
      <Filter>Resource Files</Filter>
    </ResourceCompile>
  </ItemGroup>
  <ItemGroup>
    <ClInclude Include="src\CLog.h">
      <Filter>Header Files</Filter>
    </ClInclude>
    <ClInclude Include="src\CModel.h">
      <Filter>Header Files</Filter>
    </ClInclude>
    <ClInclude Include="src\COCLBuffer.h">
      <Filter>Header Files</Filter>
    </ClInclude>
    <ClInclude Include="src\COCLDevice.h">
      <Filter>Header Files</Filter>
    </ClInclude>
    <ClInclude Include="src\COCLKernel.h">
      <Filter>Header Files</Filter>
    </ClInclude>
    <ClInclude Include="src\COCLProgram.h">
      <Filter>Header Files</Filter>
    </ClInclude>
    <ClInclude Include="src\common.h">
      <Filter>Header Files</Filter>
    </ClInclude>
    <ClInclude Include="src\CScheme.h">
      <Filter>Header Files</Filter>
    </ClInclude>
    <ClInclude Include="src\CSchemeGodunov.h">
      <Filter>Header Files</Filter>
    </ClInclude>
    <ClInclude Include="src\CSchemeInertial.h">
      <Filter>Header Files</Filter>
    </ClInclude>
    <ClInclude Include="src\CSchemeMUSCLHancock.h">
      <Filter>Header Files</Filter>
    </ClInclude>
    <ClInclude Include="src\gpudemo.h">
      <Filter>Header Files</Filter>
    </ClInclude>
    <ClInclude Include="src\opencl.h">
      <Filter>Header Files</Filter>
    </ClInclude>
    <ClInclude Include="src\resource.h">
      <Filter>Header Files</Filter>
    </ClInclude>
    <ClInclude Include="src\util.h">
      <Filter>Header Files</Filter>
    </ClInclude>
    <ClInclude Include="src\CBenchmark.h">
      <Filter>Header Files</Filter>
    </ClInclude>
    <ClInclude Include="src\CDomain.h">
      <Filter>Header Files</Filter>
    </ClInclude>
    <ClInclude Include="src\CDomainBase.h">
      <Filter>Header Files</Filter>
    </ClInclude>
    <ClInclude Include="src\CDomainCartesian.h">
      <Filter>Header Files</Filter>
    </ClInclude>
    <ClInclude Include="src\CDomainLink.h">
      <Filter>Header Files</Filter>
    </ClInclude>
    <ClInclude Include="src\CDomainManager.h">
      <Filter>Header Files</Filter>
    </ClInclude>
    <ClInclude Include="src\CDomainRemote.h">
      <Filter>Header Files</Filter>
    </ClInclude>
    <ClInclude Include="src\CExecutorControl.h">
      <Filter>Header Files</Filter>
    </ClInclude>
    <ClInclude Include="src\CExecutorControlOpenCL.h">
      <Filter>Header Files</Filter>
    </ClInclude>
    <ClInclude Include="src\CSchemePromaides.h">
      <Filter>Header Files</Filter>
    </ClInclude>
    <ClInclude Include="src\CMultiGpuManager.h">
      <Filter>Header Files</Filter>
    </ClInclude>
    <ClInclude Include="src\CProfiler.h">
      <Filter>Header Files</Filter>
    </ClInclude>
  </ItemGroup>
  <ItemGroup>
    <ClCompile Include="src\CModel.cpp">
      <Filter>Source Files</Filter>
    </ClCompile>
    <ClCompile Include="src\COCLBuffer.cpp">
      <Filter>Source Files</Filter>
    </ClCompile>
    <ClCompile Include="src\COCLDevice.cpp">
      <Filter>Source Files</Filter>
    </ClCompile>
    <ClCompile Include="src\COCLKernel.cpp">
      <Filter>Source Files</Filter>
    </ClCompile>
    <ClCompile Include="src\COCLProgram.cpp">
      <Filter>Source Files</Filter>
    </ClCompile>
    <ClCompile Include="src\CScheme.cpp">
      <Filter>Source Files</Filter>
    </ClCompile>
    <ClCompile Include="src\CSchemeGodunov.cpp">
      <Filter>Source Files</Filter>
    </ClCompile>
    <ClCompile Include="src\CSchemeInertial.cpp">
      <Filter>Source Files</Filter>
    </ClCompile>
    <ClCompile Include="src\CSchemeMUSCLHancock.cpp">
      <Filter>Source Files</Filter>
    </ClCompile>
    <ClCompile Include="src\gpudemo.cpp">
      <Filter>Source Files</Filter>
    </ClCompile>
    <ClCompile Include="src\util.cpp">
      <Filter>Source Files</Filter>
    </ClCompile>
    <ClCompile Include="src\windows_platform.cpp">
      <Filter>Source Files</Filter>
    </ClCompile>
    <ClCompile Include="src\CLog.cpp">
      <Filter>Source Files</Filter>
    </ClCompile>
    <ClCompile Include="src\CBenchmark.cpp">
      <Filter>Source Files</Filter>
    </ClCompile>
    <ClCompile Include="src\CDomain.cpp">
      <Filter>Source Files</Filter>
    </ClCompile>
    <ClCompile Include="src\CDomainBase.cpp">
      <Filter>Source Files</Filter>
    </ClCompile>
    <ClCompile Include="src\CDomainCartesian.cpp">
      <Filter>Source Files</Filter>
    </ClCompile>
    <ClCompile Include="src\CDomainLink.cpp">
      <Filter>Source Files</Filter>
    </ClCompile>
    <ClCompile Include="src\CDomainManager.cpp">
      <Filter>Source Files</Filter>
    </ClCompile>
    <ClCompile Include="src\CDomainRemote.cpp">
      <Filter>Source Files</Filter>
    </ClCompile>
    <ClCompile Include="src\CExecutorControl.cpp">
      <Filter>Source Files</Filter>
    </ClCompile>
    <ClCompile Include="src\CExecutorControlOpenCL.cpp">
      <Filter>Source Files</Filter>
    </ClCompile>
    <ClCompile Include="src\CSchemePromaides.cpp">
      <Filter>Source Files</Filter>
    </ClCompile>
    <ClCompile Include="src\CMultiGpuManager.cpp">
      <Filter>Source Files</Filter>
    </ClCompile>
    <ClCompile Include="src\CProfiler.cpp">
      <Filter>Source Files</Filter>
    </ClCompile>
  </ItemGroup>
  <ItemGroup>
    <Text Include="src\Readme.txt" />
  </ItemGroup>
  <ItemGroup>
    <None Include="src\opencl\CLBoundaries.clc">
      <Filter>OpenCl</Filter>
    </None>
    <None Include="src\opencl\CLDomainCartesian.clc">
      <Filter>OpenCl</Filter>
    </None>
    <None Include="src\opencl\CLDynamicTimestep.clc">
      <Filter>OpenCl</Filter>
    </None>
    <None Include="src\opencl\CLFriction.clc">
      <Filter>OpenCl</Filter>
    </None>
    <None Include="src\opencl\CLSchemeGodunov.clc">
      <Filter>OpenCl</Filter>
    </None>
    <None Include="src\opencl\CLSchemeInertial.clc">
      <Filter>OpenCl</Filter>
    </None>
    <None Include="src\opencl\CLSchemeMUSCLHancock.clc">
      <Filter>OpenCl</Filter>
    </None>
    <None Include="src\opencl\CLSlopeLimiterMINMOD.clc">
      <Filter>OpenCl</Filter>
    </None>
    <None Include="src\opencl\CLSolverHLLC.clc">
      <Filter>OpenCl</Filter>
    </None>
    <None Include="src\opencl\CLSchemePromaides.clc">
      <Filter>OpenCl</Filter>
    </None>
    <None Include="src\opencl\CLSchemePromaides.clh">
      <Filter>OpenCl\OpenCl Header</Filter>
    </None>
    <None Include="src\opencl\CLBoundaries.clh">
      <Filter>OpenCl\OpenCl Header</Filter>
    </None>
    <None Include="src\opencl\CLDomainCartesian.clh">
      <Filter>OpenCl\OpenCl Header</Filter>
    </None>
    <None Include="src\opencl\CLDynamicTimestep.clh">
      <Filter>OpenCl\OpenCl Header</Filter>
    </None>
    <None Include="src\opencl\CLFriction.clh">
      <Filter>OpenCl\OpenCl Header</Filter>
    </None>
    <None Include="src\opencl\CLSchemeGodunov.clh">
      <Filter>OpenCl\OpenCl Header</Filter>
    </None>
    <None Include="src\opencl\CLSchemeInertial.clh">
      <Filter>OpenCl\OpenCl Header</Filter>
    </None>
    <None Include="src\opencl\CLSchemeMUSCLHancock.clh">
      <Filter>OpenCl\OpenCl Header</Filter>
    </None>
    <None Include="src\opencl\CLSlopeLimiterMINMOD.clh">
      <Filter>OpenCl\OpenCl Header</Filter>
    </None>
    <None Include="src\opencl\CLSolverHLLC.clh">
      <Filter>OpenCl\OpenCl Header</Filter>
    </None>
    <None Include="src\opencl\CLUniversalHeader.clh">
      <Filter>OpenCl\OpenCl Header</Filter>
    </None>
  </ItemGroup>
</Project>