<?xml version="1.0" encoding="utf-8"?>
<Project ToolsVersion="4.0" xmlns="http://schemas.microsoft.com/developer/msbuild/2003">
  <ItemGroup>
    <Filter Include="Source Files">
      <UniqueIdentifier>{4FC737F1-C7A5-4376-A066-2A32D752A2FF}</UniqueIdentifier>
      <Extensions>cpp;c;cc;cxx;def;odl;idl;hpj;bat;asm;asmx</Extensions>
    </Filter>
    <Filter Include="Header Files">
      <UniqueIdentifier>{93995380-89BD-4b04-88EB-625FBE52EBFB}</UniqueIdentifier>
      <Extensions>h;hh;hpp;hxx;hm;inl;inc;xsd</Extensions>
    </Filter>
    <Filter Include="Resource Files">
      <UniqueIdentifier>{67DA6AB6-F800-4c08-8B7A-83BB121AAD01}</UniqueIdentifier>
      <Extensions>rc;ico;cur;bmp;dlg;rc2;rct;bin;rgs;gif;jpg;jpeg;jpe;resx;tiff;tif;png;wav</Extensions>
    </Filter>
    <Filter Include="OpenCL">
      <UniqueIdentifier>{1271985f-acdf-47d5-9fd5-0b4e2d813d9a}</UniqueIdentifier>
    </Filter>
    <Filter Include="OpenCL\CL Header">
      <UniqueIdentifier>{f84631ee-ff62-4180-8537-3e3a89db9032}</UniqueIdentifier>
    </Filter>
  </ItemGroup>
  <ItemGroup>
    <ClCompile Include="src\CModel.cpp">
      <Filter>Source Files</Filter>
    </ClCompile>
    <ClCompile Include="src\util.cpp">
      <Filter>Source Files</Filter>
    </ClCompile>
    <ClCompile Include="src\gpudemo.cpp">
      <Filter>Source Files</Filter>
    </ClCompile>
    <ClCompile Include="src\windows_platform.cpp">
      <Filter>Source Files</Filter>
    </ClCompile>
    <ClCompile Include="src\Normalplain.cpp">
      <Filter>Source Files</Filter>
    </ClCompile>
    <ClCompile Include="src\CSchemeMUSCLHancock.cpp">
      <Filter>Source Files</Filter>
    </ClCompile>
    <ClCompile Include="src\CSchemeInertial.cpp">
      <Filter>Source Files</Filter>
    </ClCompile>
    <ClCompile Include="src\CSchemeGodunov.cpp">
      <Filter>Source Files</Filter>
    </ClCompile>
    <ClCompile Include="src\CScheme.cpp">
      <Filter>Source Files</Filter>
    </ClCompile>
    <ClCompile Include="src\CRasterDataset.cpp">
      <Filter>Source Files</Filter>
    </ClCompile>
    <ClCompile Include="src\COCLBuffer.cpp">
      <Filter>Source Files</Filter>
    </ClCompile>
    <ClCompile Include="src\COCLDevice.cpp">
      <Filter>Source Files</Filter>
    </ClCompile>
    <ClCompile Include="src\COCLKernel.cpp">
      <Filter>Source Files</Filter>
    </ClCompile>
    <ClCompile Include="src\COCLProgram.cpp">
      <Filter>Source Files</Filter>
    </ClCompile>
    <ClCompile Include="src\CLog.cpp">
      <Filter>Source Files</Filter>
    </ClCompile>
    <ClCompile Include="src\CBenchmark.cpp">
      <Filter>Source Files</Filter>
    </ClCompile>
    <ClCompile Include="src\CBoundary.cpp">
      <Filter>Source Files</Filter>
    </ClCompile>
    <ClCompile Include="src\CBoundaryCell.cpp">
      <Filter>Source Files</Filter>
    </ClCompile>
    <ClCompile Include="src\CBoundaryGridded.cpp">
      <Filter>Source Files</Filter>
    </ClCompile>
    <ClCompile Include="src\CBoundaryMap.cpp">
      <Filter>Source Files</Filter>
    </ClCompile>
    <ClCompile Include="src\CBoundaryUniform.cpp">
      <Filter>Source Files</Filter>
    </ClCompile>
    <ClCompile Include="src\CDomain.cpp">
      <Filter>Source Files</Filter>
    </ClCompile>
    <ClCompile Include="src\CDomainBase.cpp">
      <Filter>Source Files</Filter>
    </ClCompile>
    <ClCompile Include="src\CDomainCartesian.cpp">
      <Filter>Source Files</Filter>
    </ClCompile>
    <ClCompile Include="src\CDomainLink.cpp">
      <Filter>Source Files</Filter>
    </ClCompile>
    <ClCompile Include="src\CDomainManager.cpp">
      <Filter>Source Files</Filter>
    </ClCompile>
    <ClCompile Include="src\CExecutorControl.cpp">
      <Filter>Source Files</Filter>
    </ClCompile>
    <ClCompile Include="src\CExecutorControlOpenCL.cpp">
      <Filter>Source Files</Filter>
    </ClCompile>
    <ClCompile Include="src\CSchemePromaides.cpp">
      <Filter>Source Files</Filter>
    </ClCompile>
  </ItemGroup>
  <ItemGroup>
    <ClInclude Include="src\CModel.h">
      <Filter>Header Files</Filter>
    </ClInclude>
    <ClInclude Include="src\common.h">
      <Filter>Header Files</Filter>
    </ClInclude>
    <ClInclude Include="src\platforms.h">
      <Filter>Header Files</Filter>
    </ClInclude>
    <ClInclude Include="src\resource.h">
      <Filter>Header Files</Filter>
    </ClInclude>
    <ClInclude Include="src\util.h">
      <Filter>Header Files</Filter>
    </ClInclude>
    <ClInclude Include="src\gpudemo.h">
      <Filter>Header Files</Filter>
    </ClInclude>
    <ClInclude Include="src\model.h">
      <Filter>Header Files</Filter>
    </ClInclude>
    <ClInclude Include="src\windows_platform.h">
      <Filter>Header Files</Filter>
    </ClInclude>
    <ClInclude Include="src\opencl.h">
      <Filter>Header Files</Filter>
    </ClInclude>
    <ClInclude Include="src\Normalplain.h">
      <Filter>Header Files</Filter>
    </ClInclude>
    <ClInclude Include="src\CSchemeMUSCLHancock.h">
      <Filter>Header Files</Filter>
    </ClInclude>
    <ClInclude Include="src\CSchemeInertial.h">
      <Filter>Header Files</Filter>
    </ClInclude>
    <ClInclude Include="src\CSchemeGodunov.h">
      <Filter>Header Files</Filter>
    </ClInclude>
    <ClInclude Include="src\CScheme.h">
      <Filter>Header Files</Filter>
    </ClInclude>
    <ClInclude Include="src\CRasterDataset.h">
      <Filter>Header Files</Filter>
    </ClInclude>
    <ClInclude Include="src\colormod.h">
      <Filter>Header Files</Filter>
    </ClInclude>
    <ClInclude Include="src\COCLBuffer.h">
      <Filter>Header Files</Filter>
    </ClInclude>
    <ClInclude Include="src\COCLDevice.h">
      <Filter>Header Files</Filter>
    </ClInclude>
    <ClInclude Include="src\COCLKernel.h">
      <Filter>Header Files</Filter>
    </ClInclude>
    <ClInclude Include="src\COCLProgram.h">
      <Filter>Header Files</Filter>
    </ClInclude>
    <ClInclude Include="src\CLog.h">
      <Filter>Header Files</Filter>
    </ClInclude>
    <ClInclude Include="src\CExecutorControlOpenCL.h">
      <Filter>Header Files</Filter>
    </ClInclude>
    <ClInclude Include="src\CBenchmark.h">
      <Filter>Header Files</Filter>
    </ClInclude>
    <ClInclude Include="src\CBoundary.h">
      <Filter>Header Files</Filter>
    </ClInclude>
    <ClInclude Include="src\CBoundaryCell.h">
      <Filter>Header Files</Filter>
    </ClInclude>
    <ClInclude Include="src\CBoundaryGridded.h">
      <Filter>Header Files</Filter>
    </ClInclude>
    <ClInclude Include="src\CBoundaryMap.h">
      <Filter>Header Files</Filter>
    </ClInclude>
    <ClInclude Include="src\CBoundaryUniform.h">
      <Filter>Header Files</Filter>
    </ClInclude>
    <ClInclude Include="src\CDomain.h">
      <Filter>Header Files</Filter>
    </ClInclude>
    <ClInclude Include="src\CDomainBase.h">
      <Filter>Header Files</Filter>
    </ClInclude>
    <ClInclude Include="src\CDomainCartesian.h">
      <Filter>Header Files</Filter>
    </ClInclude>
    <ClInclude Include="src\CDomainLink.h">
      <Filter>Header Files</Filter>
    </ClInclude>
    <ClInclude Include="src\CDomainManager.h">
      <Filter>Header Files</Filter>
    </ClInclude>
    <ClInclude Include="src\CExecutorControl.h">
      <Filter>Header Files</Filter>
    </ClInclude>
    <ClInclude Include="src\CSchemePromaides.h">
      <Filter>Header Files</Filter>
    </ClInclude>
  </ItemGroup>
  <ItemGroup>
    <ResourceCompile Include="src\CLCode.rc">
      <Filter>Resource Files</Filter>
    </ResourceCompile>
  </ItemGroup>
  <ItemGroup>
    <None Include="src\OpenCLSources\CLBoundaries.clc">
      <Filter>OpenCL</Filter>
    </None>
    <None Include="src\OpenCLSources\CLDomainCartesian.clc">
      <Filter>OpenCL</Filter>
    </None>
    <None Include="src\OpenCLSources\CLDynamicTimestep.clc">
      <Filter>OpenCL</Filter>
    </None>
    <None Include="src\OpenCLSources\CLFriction.clc">
      <Filter>OpenCL</Filter>
    </None>
    <None Include="src\OpenCLSources\CLSchemeGodunov.clc">
      <Filter>OpenCL</Filter>
    </None>
    <None Include="src\OpenCLSources\CLSchemeInertial.clc">
      <Filter>OpenCL</Filter>
    </None>
    <None Include="src\OpenCLSources\CLSchemeMUSCLHancock.clc">
      <Filter>OpenCL</Filter>
    </None>
    <None Include="src\OpenCLSources\CLSlopeLimiterMINMOD.clc">
      <Filter>OpenCL</Filter>
    </None>
    <None Include="src\OpenCLSources\CLSolverHLLC.clc">
      <Filter>OpenCL</Filter>
    </None>
    <None Include="src\OpenCLSources\CLBoundaries.clh">
      <Filter>OpenCL\CL Header</Filter>
    </None>
    <None Include="src\OpenCLSources\CLDomainCartesian.clh">
      <Filter>OpenCL\CL Header</Filter>
    </None>
    <None Include="src\OpenCLSources\CLDynamicTimestep.clh">
      <Filter>OpenCL\CL Header</Filter>
    </None>
    <None Include="src\OpenCLSources\CLFriction.clh">
      <Filter>OpenCL\CL Header</Filter>
    </None>
    <None Include="src\OpenCLSources\CLSchemeGodunov.clh">
      <Filter>OpenCL\CL Header</Filter>
    </None>
    <None Include="src\OpenCLSources\CLSchemeInertial.clh">
      <Filter>OpenCL\CL Header</Filter>
    </None>
    <None Include="src\OpenCLSources\CLSchemeMUSCLHancock.clh">
      <Filter>OpenCL\CL Header</Filter>
    </None>
    <None Include="src\OpenCLSources\CLSlopeLimiterMINMOD.clh">
      <Filter>OpenCL\CL Header</Filter>
    </None>
    <None Include="src\OpenCLSources\CLSolverHLLC.clh">
      <Filter>OpenCL\CL Header</Filter>
    </None>
    <None Include="src\OpenCLSources\CLUniversalHeader.clh">
      <Filter>OpenCL\CL Header</Filter>
    </None>
    <None Include="packages.config" />
    <None Include="src\OpenCLSources\CLSchemePromaides.clh">
      <Filter>OpenCL\CL Header</Filter>
    </None>
    <None Include="src\OpenCLSources\CLSchemePromaides.clc">
      <Filter>OpenCL</Filter>
    </None>
  </ItemGroup>
</Project>